
Microsoft Visual Studio Solution File, Format Version 12.00
# Visual Studio Version 16
VisualStudioVersion = 16.0.32002.261
MinimumVisualStudioVersion = 10.0.40219.1
Project("{9A19103F-16F7-4668-BE54-9A1E7A4F7556}") = "SolveProblems", "SolveProblems.csproj", "{75A034C2-11CD-46B1-9C34-5346DFF99FC2}"
EndProject
Global
	GlobalSection(SolutionConfigurationPlatforms) = preSolution
		Debug|x64 = Debug|x64
		Release|x64 = Release|x64
	EndGlobalSection
	GlobalSection(ProjectConfigurationPlatforms) = postSolution
		{75A034C2-11CD-46B1-9C34-5346DFF99FC2}.Debug|x64.ActiveCfg = Debug|x64
		{75A034C2-11CD-46B1-9C34-5346DFF99FC2}.Debug|x64.Build.0 = Debug|x64
		{75A034C2-11CD-46B1-9C34-5346DFF99FC2}.Release|x64.ActiveCfg = Release|x64
		{75A034C2-11CD-46B1-9C34-5346DFF99FC2}.Release|x64.Build.0 = Release|x64
	EndGlobalSection
	GlobalSection(SolutionProperties) = preSolution
		HideSolutionNode = FALSE
	EndGlobalSection
	GlobalSection(ExtensibilityGlobals) = postSolution
		SolutionGuid = {7D23D377-4FB2-4EA6-A550-567C33C4C824}
	EndGlobalSection
EndGlobal
